
Microsoft Visual Studio Solution File, Format Version 12.00
# Visual Studio Version 17
VisualStudioVersion = 17.8.34330.188
MinimumVisualStudioVersion = 10.0.40219.1
Project("{FAE04EC0-301F-11D3-BF4B-00C04F79EFBC}") = "Bootstrap-Template-Blazor", "Bootstrap-Template-Blazor\Bootstrap-Template-Blazor.csproj", "{25F8060C-6962-4ACB-AC06-CE5D94EF387B}"
EndProject
Project("{FAE04EC0-301F-11D3-BF4B-00C04F79EFBC}") = "Demo1", "Demo1\Demo1.csproj", "{BAFB4C37-BCC7-4E7C-B1BA-36BE4F5C51BA}"
EndProject
Global
	GlobalSection(SolutionConfigurationPlatforms) = preSolution
		Debug|Any CPU = Debug|Any CPU
		Release|Any CPU = Release|Any CPU
	EndGlobalSection
	GlobalSection(ProjectConfigurationPlatforms) = postSolution
		{25F8060C-6962-4ACB-AC06-CE5D94EF387B}.Debug|Any CPU.ActiveCfg = Debug|Any CPU
		{25F8060C-6962-4ACB-AC06-CE5D94EF387B}.Debug|Any CPU.Build.0 = Debug|Any CPU
		{25F8060C-6962-4ACB-AC06-CE5D94EF387B}.Release|Any CPU.ActiveCfg = Release|Any CPU
		{25F8060C-6962-4ACB-AC06-CE5D94EF387B}.Release|Any CPU.Build.0 = Release|Any CPU
		{BAFB4C37-BCC7-4E7C-B1BA-36BE4F5C51BA}.Debug|Any CPU.ActiveCfg = Debug|Any CPU
		{BAFB4C37-BCC7-4E7C-B1BA-36BE4F5C51BA}.Debug|Any CPU.Build.0 = Debug|Any CPU
		{BAFB4C37-BCC7-4E7C-B1BA-36BE4F5C51BA}.Release|Any CPU.ActiveCfg = Release|Any CPU
		{BAFB4C37-BCC7-4E7C-B1BA-36BE4F5C51BA}.Release|Any CPU.Build.0 = Release|Any CPU
	EndGlobalSection
	GlobalSection(SolutionProperties) = preSolution
		HideSolutionNode = FALSE
	EndGlobalSection
	GlobalSection(ExtensibilityGlobals) = postSolution
		SolutionGuid = {B87B3F3A-11D9-4A38-94EB-EF172EEAB3E7}
	EndGlobalSection
EndGlobal
